
Microsoft Visual Studio Solution File, Format Version 12.00
# Visual Studio 15
VisualStudioVersion = 15.0.27428.2005
MinimumVisualStudioVersion = 10.0.40219.1
Project("{FAE04EC0-301F-11D3-BF4B-00C04F79EFBC}") = "PutBoxService", "PutBoxService\PutBoxService.csproj", "{A5C25307-D423-4076-AEE1-2865E5892DCA}"
EndProject
Project("{FAE04EC0-301F-11D3-BF4B-00C04F79EFBC}") = "PutBoxDesktop", "PutBoxDesktop\PutBoxDesktop.csproj", "{0A830F00-FB5B-4978-B3B1-9777C1646CCC}"
EndProject
Global
	GlobalSection(SolutionConfigurationPlatforms) = preSolution
		Debug|Any CPU = Debug|Any CPU
		Release|Any CPU = Release|Any CPU
	EndGlobalSection
	GlobalSection(ProjectConfigurationPlatforms) = postSolution
		{A5C25307-D423-4076-AEE1-2865E5892DCA}.Debug|Any CPU.ActiveCfg = Debug|Any CPU
		{A5C25307-D423-4076-AEE1-2865E5892DCA}.Debug|Any CPU.Build.0 = Debug|Any CPU
		{A5C25307-D423-4076-AEE1-2865E5892DCA}.Release|Any CPU.ActiveCfg = Release|Any CPU
		{A5C25307-D423-4076-AEE1-2865E5892DCA}.Release|Any CPU.Build.0 = Release|Any CPU
		{0A830F00-FB5B-4978-B3B1-9777C1646CCC}.Debug|Any CPU.ActiveCfg = Debug|Any CPU
		{0A830F00-FB5B-4978-B3B1-9777C1646CCC}.Debug|Any CPU.Build.0 = Debug|Any CPU
		{0A830F00-FB5B-4978-B3B1-9777C1646CCC}.Release|Any CPU.ActiveCfg = Release|Any CPU
		{0A830F00-FB5B-4978-B3B1-9777C1646CCC}.Release|Any CPU.Build.0 = Release|Any CPU
	EndGlobalSection
	GlobalSection(SolutionProperties) = preSolution
		HideSolutionNode = FALSE
	EndGlobalSection
	GlobalSection(ExtensibilityGlobals) = postSolution
		SolutionGuid = {309AC291-D185-48D9-AB75-CA09BA6D53B6}
	EndGlobalSection
EndGlobal
